{
  "lockfile_version": "1",
  "packages": {
    "cspell@9.4.0": {
      "last_modified": "2025-12-19T06:18:24Z",
      "resolved": "github:NixOS/nixpkgs/7d853e518814cca2a657b72eeba67ae20ebf7059#cspell",
      "source": "devbox-search",
      "version": "9.4.0",
      "systems": {
        "aarch64-darwin": {
          "outputs": [
            {
              "name": "out",
              "path": "/nix/store/rgm0dh8h9nzmmymr0b5q6msisznqm244-cspell-9.4.0",
              "default": true
            }
          ],
          "store_path": "/nix/store/rgm0dh8h9nzmmymr0b5q6msisznqm244-cspell-9.4.0"
        },
        "aarch64-linux": {
          "outputs": [
            {
              "name": "out",
              "path": "/nix/store/09nzkpw37q68dp973pqzqgsp6hhc5vpl-cspell-9.4.0",
              "default": true
            }
          ],
          "store_path": "/nix/store/09nzkpw37q68dp973pqzqgsp6hhc5vpl-cspell-9.4.0"
        },
        "x86_64-darwin": {
          "outputs": [
            {
              "name": "out",
              "path": "/nix/store/l44sri953cgpzkr9pnih0vja7i0pb07v-cspell-9.4.0",
              "default": true
            }
          ],
          "store_path": "/nix/store/l44sri953cgpzkr9pnih0vja7i0pb07v-cspell-9.4.0"
        },
        "x86_64-linux": {
          "outputs": [
            {
              "name": "out",
              "path": "/nix/store/yc57sskjlq5y59md73kr2zqkjlps92m7-cspell-9.4.0",
              "default": true
            }
          ],
          "store_path": "/nix/store/yc57sskjlq5y59md73kr2zqkjlps92m7-cspell-9.4.0"
        }
      }
    },
    "go@1.25.4": {
      "last_modified": "2025-11-23T21:50:36Z",
      "resolved": "github:NixOS/nixpkgs/ee09932cedcef15aaf476f9343d1dea2cb77e261#go",
      "source": "devbox-search",
      "version": "1.25.4",
      "systems": {
        "aarch64-darwin": {
          "outputs": [
            {
              "name": "out",
              "path": "/nix/store/52f5kjcmgmvgrz3rij676b3rjmgg5l5g-go-1.25.4",
              "default": true
            }
          ],
          "store_path": "/nix/store/52f5kjcmgmvgrz3rij676b3rjmgg5l5g-go-1.25.4"
        },
        "aarch64-linux": {
          "outputs": [
            {
              "name": "out",
              "path": "/nix/store/2ajrlmz1qdpm9k9ankhnp3973wxg1gqs-go-1.25.4",
              "default": true
            }
          ],
          "store_path": "/nix/store/2ajrlmz1qdpm9k9ankhnp3973wxg1gqs-go-1.25.4"
        },
        "x86_64-darwin": {
          "outputs": [
            {
              "name": "out",
              "path": "/nix/store/1rqpvp45rl4sr1l0czrlbmv8jqj9sa7r-go-1.25.4",
              "default": true
            }
          ],
          "store_path": "/nix/store/1rqpvp45rl4sr1l0czrlbmv8jqj9sa7r-go-1.25.4"
        },
        "x86_64-linux": {
          "outputs": [
            {
              "name": "out",
              "path": "/nix/store/0a3dyfq09dnkw28ap2i450wjimvdmv6s-go-1.25.4",
              "default": true
            }
          ],
          "store_path": "/nix/store/0a3dyfq09dnkw28ap2i450wjimvdmv6s-go-1.25.4"
        }
      }
    },
    "golangci-lint@2.7.2": {
      "last_modified": "2025-12-31T03:27:36Z",
      "resolved": "github:NixOS/nixpkgs/f665af0cdb70ed27e1bd8f9fdfecaf451260fc55#golangci-lint",
      "source": "devbox-search",
      "version": "2.7.2",
      "systems": {
        "aarch64-darwin": {
          "outputs": [
            {
              "name": "out",
              "path": "/nix/store/ysbphh6mli3npxvzb9p30nwyp213mlq3-golangci-lint-2.7.2",
              "default": true
            }
          ],
          "store_path": "/nix/store/ysbphh6mli3npxvzb9p30nwyp213mlq3-golangci-lint-2.7.2"
        },
        "aarch64-linux": {
          "outputs": [
            {
              "name": "out",
              "path": "/nix/store/vhp9hkr55yrgpvl9l04h3clgqlhsb4zy-golangci-lint-2.7.2",
              "default": true
            }
          ],
          "store_path": "/nix/store/vhp9hkr55yrgpvl9l04h3clgqlhsb4zy-golangci-lint-2.7.2"
        },
        "x86_64-darwin": {
          "outputs": [
            {
              "name": "out",
              "path": "/nix/store/4l0i40g6xkbfnhfgdf83npk0d0v033yc-golangci-lint-2.7.2",
              "default": true
            }
          ],
          "store_path": "/nix/store/4l0i40g6xkbfnhfgdf83npk0d0v033yc-golangci-lint-2.7.2"
        },
        "x86_64-linux": {
          "outputs": [
            {
              "name": "out",
              "path": "/nix/store/q983imcmzczmzgj58k0xwn9kkn3f87jj-golangci-lint-2.7.2",
              "default": true
            }
          ],
          "store_path": "/nix/store/q983imcmzczmzgj58k0xwn9kkn3f87jj-golangci-lint-2.7.2"
        }
      }
    },
    "gosec@2.22.11": {
      "last_modified": "2025-12-31T03:27:36Z",
      "resolved": "github:NixOS/nixpkgs/f665af0cdb70ed27e1bd8f9fdfecaf451260fc55#gosec",
      "source": "devbox-search",
      "version": "2.22.11",
      "systems": {
        "aarch64-darwin": {
          "outputs": [
            {
              "name": "out",
              "path": "/nix/store/d48hjs33cwfqnmx3ay3ms2rrds01a7hy-gosec-2.22.11",
              "default": true
            }
          ],
          "store_path": "/nix/store/d48hjs33cwfqnmx3ay3ms2rrds01a7hy-gosec-2.22.11"
        },
        "aarch64-linux": {
          "outputs": [
            {
              "name": "out",
              "path": "/nix/store/568licqnhv8w64m8aq8vikkr5ay1rfz0-gosec-2.22.11",
              "default": true
            }
          ],
          "store_path": "/nix/store/568licqnhv8w64m8aq8vikkr5ay1rfz0-gosec-2.22.11"
        },
        "x86_64-darwin": {
          "outputs": [
            {
              "name": "out",
              "path": "/nix/store/hpvplrfz22jiqzlsjamy86xkcr1naz8n-gosec-2.22.11",
              "default": true
            }
          ],
          "store_path": "/nix/store/hpvplrfz22jiqzlsjamy86xkcr1naz8n-gosec-2.22.11"
        },
        "x86_64-linux": {
          "outputs": [
            {
              "name": "out",
              "path": "/nix/store/ffgpg74xv4bxkym99gkw76ggmr7q3fxq-gosec-2.22.11",
              "default": true
            }
          ],
          "store_path": "/nix/store/ffgpg74xv4bxkym99gkw76ggmr7q3fxq-gosec-2.22.11"
        }
      }
    },
    "gotools@0.34.0": {
      "last_modified": "2025-12-31T03:27:36Z",
      "resolved": "github:NixOS/nixpkgs/f665af0cdb70ed27e1bd8f9fdfecaf451260fc55#gotools",
      "source": "devbox-search",
      "version": "0.34.0",
      "systems": {
        "aarch64-darwin": {
          "outputs": [
            {
              "name": "out",
              "path": "/nix/store/0lkcjnxhhm3azdghlsr32lw027wyand8-gotools-0.34.0",
              "default": true
            }
          ],
          "store_path": "/nix/store/0lkcjnxhhm3azdghlsr32lw027wyand8-gotools-0.34.0"
        },
        "aarch64-linux": {
          "outputs": [
            {
              "name": "out",
              "path": "/nix/store/qvwg5hqc9a1fgiq9f3lvc10x6x0ahxp4-gotools-0.34.0",
              "default": true
            }
          ],
          "store_path": "/nix/store/qvwg5hqc9a1fgiq9f3lvc10x6x0ahxp4-gotools-0.34.0"
        },
        "x86_64-darwin": {
          "outputs": [
            {
              "name": "out",
              "path": "/nix/store/g7ib6za5kd4jajn0a9z4g06h8sag1d6l-gotools-0.34.0",
              "default": true
            }
          ],
          "store_path": "/nix/store/g7ib6za5kd4jajn0a9z4g06h8sag1d6l-gotools-0.34.0"
        },
        "x86_64-linux": {
          "outputs": [
            {
              "name": "out",
              "path": "/nix/store/1vw4cs4yss51n2245136i58wicgjhq9a-gotools-0.34.0",
              "default": true
            }
          ],
          "store_path": "/nix/store/1vw4cs4yss51n2245136i58wicgjhq9a-gotools-0.34.0"
        }
      }
    },
    "govulncheck@1.1.4": {
      "last_modified": "2025-12-31T03:27:36Z",
      "resolved": "github:NixOS/nixpkgs/f665af0cdb70ed27e1bd8f9fdfecaf451260fc55#govulncheck",
      "source": "devbox-search",
      "version": "1.1.4",
      "systems": {
        "aarch64-darwin": {
          "outputs": [
            {
              "name": "out",
              "path": "/nix/store/y8lfxiq5lfzz9hs6lfb7j5bn2isqrr1c-govulncheck-1.1.4",
              "default": true
            }
          ],
          "store_path": "/nix/store/y8lfxiq5lfzz9hs6lfb7j5bn2isqrr1c-govulncheck-1.1.4"
        },
        "aarch64-linux": {
          "outputs": [
            {
              "name": "out",
              "path": "/nix/store/g1g2hg03vbjhxqd9p4xpyhi44r4k4d6w-govulncheck-1.1.4",
              "default": true
            }
          ],
          "store_path": "/nix/store/g1g2hg03vbjhxqd9p4xpyhi44r4k4d6w-govulncheck-1.1.4"
        },
        "x86_64-darwin": {
          "outputs": [
            {
              "name": "out",
              "path": "/nix/store/ayhwr6cdavpk9gyg5fqg5xzd3i4y4ig3-govulncheck-1.1.4",
              "default": true
            }
          ],
          "store_path": "/nix/store/ayhwr6cdavpk9gyg5fqg5xzd3i4y4ig3-govulncheck-1.1.4"
        },
        "x86_64-linux": {
          "outputs": [
            {
              "name": "out",
              "path": "/nix/store/m78iasjyjhy6q59ar6ld3x5wvkjsb8al-govulncheck-1.1.4",
              "default": true
            }
          ],
          "store_path": "/nix/store/m78iasjyjhy6q59ar6ld3x5wvkjsb8al-govulncheck-1.1.4"
        }
      }
    },
    "markdownlint-cli@0.47.0": {
      "last_modified": "2025-12-31T03:27:36Z",
      "resolved": "github:NixOS/nixpkgs/f665af0cdb70ed27e1bd8f9fdfecaf451260fc55#markdownlint-cli",
      "source": "devbox-search",
      "version": "0.47.0",
      "systems": {
        "aarch64-darwin": {
          "outputs": [
            {
              "name": "out",
              "path": "/nix/store/j5qabss0jps1fr2j7xi19qwcc6rlsb44-markdownlint-cli-0.47.0",
              "default": true
            }
          ],
          "store_path": "/nix/store/j5qabss0jps1fr2j7xi19qwcc6rlsb44-markdownlint-cli-0.47.0"
        },
        "aarch64-linux": {
          "outputs": [
            {
              "name": "out",
              "path": "/nix/store/l77qpam8sb5cb2wxk69d6nji39jahqfw-markdownlint-cli-0.47.0",
              "default": true
            }
          ],
          "store_path": "/nix/store/l77qpam8sb5cb2wxk69d6nji39jahqfw-markdownlint-cli-0.47.0"
        },
        "x86_64-darwin": {
          "outputs": [
            {
              "name": "out",
              "path": "/nix/store/dmv98lsqbs5x3hw6kyrpbbp1h76p2wkx-markdownlint-cli-0.47.0",
              "default": true
            }
          ],
          "store_path": "/nix/store/dmv98lsqbs5x3hw6kyrpbbp1h76p2wkx-markdownlint-cli-0.47.0"
        },
        "x86_64-linux": {
          "outputs": [
            {
              "name": "out",
              "path": "/nix/store/3y607ar0xwlb9bg114ca9mbgkwymdzdb-markdownlint-cli-0.47.0",
              "default": true
            }
          ],
          "store_path": "/nix/store/3y607ar0xwlb9bg114ca9mbgkwymdzdb-markdownlint-cli-0.47.0"
        }
      }
    }
  }
}
