{
  "lockfile_version": "1",
  "packages": {
    "cspell@9.7.0": {
      "last_modified": "2026-07-12T10:08:30Z",
      "resolved": "github:NixOS/nixpkgs/2db6e73b5d66ffd9d4c203f065d676f9a1eabbd2#cspell",
      "source": "devbox-search",
      "version": "9.7.0",
      "systems": {
        "aarch64-darwin": {
          "outputs": [
            {
              "name": "out",
              "path": "/nix/store/yb3i0v6dmwgbx3clqc81wmpqpd25kid7-cspell-9.7.0",
              "default": true
            }
          ],
          "store_path": "/nix/store/yb3i0v6dmwgbx3clqc81wmpqpd25kid7-cspell-9.7.0"
        },
        "aarch64-linux": {
          "outputs": [
            {
              "name": "out",
              "path": "/nix/store/c4l1zxar9j71fdxqjaagah7paw3mmsci-cspell-9.7.0",
              "default": true
            }
          ],
          "store_path": "/nix/store/c4l1zxar9j71fdxqjaagah7paw3mmsci-cspell-9.7.0"
        },
        "x86_64-darwin": {
          "outputs": [
            {
              "name": "out",
              "path": "/nix/store/4267yfcydxf572j6ip8s4071g5b7bkb2-cspell-9.7.0",
              "default": true
            }
          ],
          "store_path": "/nix/store/4267yfcydxf572j6ip8s4071g5b7bkb2-cspell-9.7.0"
        },
        "x86_64-linux": {
          "outputs": [
            {
              "name": "out",
              "path": "/nix/store/78chz9zzid04fyvb65qa5k3d3sk2zs4g-cspell-9.7.0",
              "default": true
            }
          ],
          "store_path": "/nix/store/78chz9zzid04fyvb65qa5k3d3sk2zs4g-cspell-9.7.0"
        }
      }
    },
    "go@1.26.4": {
      "last_modified": "2026-07-08T21:13:06Z",
      "resolved": "github:NixOS/nixpkgs/389ed85304b281ca7f306cf8a1eb4378651ca44e#go",
      "source": "devbox-search",
      "version": "1.26.4",
      "systems": {
        "aarch64-darwin": {
          "outputs": [
            {
              "name": "out",
              "path": "/nix/store/38idfbqyw3p8xaslv6bnrig62pj7qy6i-go-1.26.4",
              "default": true
            }
          ],
          "store_path": "/nix/store/38idfbqyw3p8xaslv6bnrig62pj7qy6i-go-1.26.4"
        },
        "aarch64-linux": {
          "outputs": [
            {
              "name": "out",
              "path": "/nix/store/z8b7c0h6g8dnv6vlxh7fha1d66krvgn9-go-1.26.4",
              "default": true
            }
          ],
          "store_path": "/nix/store/z8b7c0h6g8dnv6vlxh7fha1d66krvgn9-go-1.26.4"
        },
        "x86_64-darwin": {
          "outputs": [
            {
              "name": "out",
              "path": "/nix/store/h0z6ghmi3cihlbm163d72xs9p9nn04a1-go-1.26.4",
              "default": true
            }
          ],
          "store_path": "/nix/store/h0z6ghmi3cihlbm163d72xs9p9nn04a1-go-1.26.4"
        },
        "x86_64-linux": {
          "outputs": [
            {
              "name": "out",
              "path": "/nix/store/1xklj6dmgcpgz60c9w2ynaq7ynzfsrrq-go-1.26.4",
              "default": true
            }
          ],
          "store_path": "/nix/store/1xklj6dmgcpgz60c9w2ynaq7ynzfsrrq-go-1.26.4"
        }
      }
    },
    "golangci-lint@2.12.2": {
      "last_modified": "2026-07-08T21:13:06Z",
      "resolved": "github:NixOS/nixpkgs/389ed85304b281ca7f306cf8a1eb4378651ca44e#golangci-lint",
      "source": "devbox-search",
      "version": "2.12.2",
      "systems": {
        "aarch64-darwin": {
          "outputs": [
            {
              "name": "out",
              "path": "/nix/store/ml47a2mby38y5wmi1i9gh0ab27wvyrmg-golangci-lint-2.12.2",
              "default": true
            }
          ],
          "store_path": "/nix/store/ml47a2mby38y5wmi1i9gh0ab27wvyrmg-golangci-lint-2.12.2"
        },
        "aarch64-linux": {
          "outputs": [
            {
              "name": "out",
              "path": "/nix/store/c9pfd5glmjlls9miydsn4vqr6dd5r6mv-golangci-lint-2.12.2",
              "default": true
            }
          ],
          "store_path": "/nix/store/c9pfd5glmjlls9miydsn4vqr6dd5r6mv-golangci-lint-2.12.2"
        },
        "x86_64-darwin": {
          "outputs": [
            {
              "name": "out",
              "path": "/nix/store/w8c3i6vmxnnj0xixvjsa9lva3rcd2rvs-golangci-lint-2.12.2",
              "default": true
            }
          ],
          "store_path": "/nix/store/w8c3i6vmxnnj0xixvjsa9lva3rcd2rvs-golangci-lint-2.12.2"
        },
        "x86_64-linux": {
          "outputs": [
            {
              "name": "out",
              "path": "/nix/store/s37vfcmi4cgni6piw2rp2jd0kqdqvzr1-golangci-lint-2.12.2",
              "default": true
            }
          ],
          "store_path": "/nix/store/s37vfcmi4cgni6piw2rp2jd0kqdqvzr1-golangci-lint-2.12.2"
        }
      }
    },
    "gosec@2.28.0": {
      "last_modified": "2026-07-14T18:49:32Z",
      "resolved": "github:NixOS/nixpkgs/3889d66586e664adc76aa5c242331d3d71786187#gosec",
      "source": "devbox-search",
      "version": "2.28.0",
      "systems": {
        "aarch64-darwin": {
          "outputs": [
            {
              "name": "out",
              "path": "/nix/store/gf0l128255fry1jzkkp5rlv7wnpmhmq0-gosec-2.28.0",
              "default": true
            }
          ],
          "store_path": "/nix/store/gf0l128255fry1jzkkp5rlv7wnpmhmq0-gosec-2.28.0"
        },
        "aarch64-linux": {
          "outputs": [
            {
              "name": "out",
              "path": "/nix/store/zzskh0glnhx536m8xhi64i5rv5ichh5d-gosec-2.28.0",
              "default": true
            }
          ],
          "store_path": "/nix/store/zzskh0glnhx536m8xhi64i5rv5ichh5d-gosec-2.28.0"
        },
        "x86_64-linux": {
          "outputs": [
            {
              "name": "out",
              "path": "/nix/store/qafc0ccl8i088bjspdlg4aqkb3bz6iag-gosec-2.28.0",
              "default": true
            }
          ],
          "store_path": "/nix/store/qafc0ccl8i088bjspdlg4aqkb3bz6iag-gosec-2.28.0"
        }
      }
    },
    "gotools@0.44.0": {
      "last_modified": "2026-07-08T21:13:06Z",
      "resolved": "github:NixOS/nixpkgs/389ed85304b281ca7f306cf8a1eb4378651ca44e#gotools",
      "source": "devbox-search",
      "version": "0.44.0",
      "systems": {
        "aarch64-darwin": {
          "outputs": [
            {
              "name": "out",
              "path": "/nix/store/b8w5g8fvr9axn54yhbyd1v7cmp984l8l-gotools-0.44.0",
              "default": true
            }
          ],
          "store_path": "/nix/store/b8w5g8fvr9axn54yhbyd1v7cmp984l8l-gotools-0.44.0"
        },
        "aarch64-linux": {
          "outputs": [
            {
              "name": "out",
              "path": "/nix/store/5raizpqwz6d2gcdi5vppk1bi3cx1pqbs-gotools-0.44.0",
              "default": true
            }
          ],
          "store_path": "/nix/store/5raizpqwz6d2gcdi5vppk1bi3cx1pqbs-gotools-0.44.0"
        },
        "x86_64-darwin": {
          "outputs": [
            {
              "name": "out",
              "path": "/nix/store/c0gg0pzxcbscxlr07n0idnrkc2mzx7i3-gotools-0.44.0",
              "default": true
            }
          ],
          "store_path": "/nix/store/c0gg0pzxcbscxlr07n0idnrkc2mzx7i3-gotools-0.44.0"
        },
        "x86_64-linux": {
          "outputs": [
            {
              "name": "out",
              "path": "/nix/store/474369nk5nnybsnsvkivlvw3m4fc7g8c-gotools-0.44.0",
              "default": true
            }
          ],
          "store_path": "/nix/store/474369nk5nnybsnsvkivlvw3m4fc7g8c-gotools-0.44.0"
        }
      }
    },
    "govulncheck@1.6.0": {
      "last_modified": "2026-07-11T07:21:12Z",
      "resolved": "github:NixOS/nixpkgs/770b9bbb84018993c8f009d437fff6c2e3077037#govulncheck",
      "source": "devbox-search",
      "version": "1.6.0",
      "systems": {
        "aarch64-darwin": {
          "outputs": [
            {
              "name": "out",
              "path": "/nix/store/y70ac1nc3p0va5b95n1jar3z6nl4w6a2-govulncheck-1.6.0",
              "default": true
            }
          ],
          "store_path": "/nix/store/y70ac1nc3p0va5b95n1jar3z6nl4w6a2-govulncheck-1.6.0"
        },
        "aarch64-linux": {
          "outputs": [
            {
              "name": "out",
              "path": "/nix/store/3irdknqp739y8wc4farhdz3xj93fdamk-govulncheck-1.6.0",
              "default": true
            }
          ],
          "store_path": "/nix/store/3irdknqp739y8wc4farhdz3xj93fdamk-govulncheck-1.6.0"
        },
        "x86_64-linux": {
          "outputs": [
            {
              "name": "out",
              "path": "/nix/store/wrjh9zhw6bl7h7ampn9x4ligvfv1022i-govulncheck-1.6.0",
              "default": true
            }
          ],
          "store_path": "/nix/store/wrjh9zhw6bl7h7ampn9x4ligvfv1022i-govulncheck-1.6.0"
        }
      }
    },
    "markdownlint-cli@0.49.1": {
      "last_modified": "2026-07-15T11:37:32Z",
      "resolved": "github:NixOS/nixpkgs/35d3407a3816f3b341d8cf1d60abaf2b7b8166ac#markdownlint-cli",
      "source": "devbox-search",
      "version": "0.49.1",
      "systems": {
        "aarch64-darwin": {
          "outputs": [
            {
              "name": "out",
              "path": "/nix/store/ck6739c55rxyxyijdxk7rkg9k9753mz6-markdownlint-cli-0.49.1",
              "default": true
            }
          ],
          "store_path": "/nix/store/ck6739c55rxyxyijdxk7rkg9k9753mz6-markdownlint-cli-0.49.1"
        },
        "aarch64-linux": {
          "outputs": [
            {
              "name": "out",
              "path": "/nix/store/513mavccmz5isbli1r2zdxww2alf5pg1-markdownlint-cli-0.49.1",
              "default": true
            }
          ],
          "store_path": "/nix/store/513mavccmz5isbli1r2zdxww2alf5pg1-markdownlint-cli-0.49.1"
        },
        "x86_64-linux": {
          "outputs": [
            {
              "name": "out",
              "path": "/nix/store/jbzr5jziwlpqj3iv7pqp1jh44i4k5sj1-markdownlint-cli-0.49.1",
              "default": true
            }
          ],
          "store_path": "/nix/store/jbzr5jziwlpqj3iv7pqp1jh44i4k5sj1-markdownlint-cli-0.49.1"
        }
      }
    }
  }
}
